{
  "name": "vcs",
  "lockfileVersion": 3,
  "requires": true,
  "packages": {
    "": {
      "dependencies": {
        "tunajs": "^1.0.15"
      }
    },
    "node_modules/tunajs": {
      "version": "1.0.15",
      "resolved": "https://registry.npmjs.org/tunajs/-/tunajs-1.0.15.tgz",
      "integrity": "sha512-es0bgyTHP8ftyWEot7YqLlLH30yZqHUTT6K5TKFhVqIB1Y6Cuu8WvBunfTVQSmzrpuhz15PQjyen7uuwi4gjdw=="
    }
  }
}
